
Microsoft Visual Studio Solution File, Format Version 11.00
# Visual Studio 2010
Project("{2150E333-8FDC-42A3-9474-1A3956D46DE8}") = "Solution Items", "Solution Items", "{DCC93A5C-E71D-48E1-A7E6-918A2F9FEBDA}"
	ProjectSection(SolutionItems) = preProject
		Notes.doc = Notes.doc
	EndProjectSection
EndProject
Project("{FAE04EC0-301F-11D3-BF4B-00C04F79EFBC}") = "Examples", "Examples\Examples.csproj", "{6D97D80E-28E7-4F1C-B1AF-7713F49AA61E}"
EndProject
Project("{FAE04EC0-301F-11D3-BF4B-00C04F79EFBC}") = "UnitTests", "UnitTests\UnitTests.csproj", "{8FAE592B-0C89-4FAF-B1CB-8FA3A9310F6E}"
EndProject
Project("{FAE04EC0-301F-11D3-BF4B-00C04F79EFBC}") = "XamlGrid", "XamlGrid\XamlGrid.csproj", "{C1183088-7A54-45C8-8FFE-C9EBD11FD2A8}"
EndProject
Project("{FAE04EC0-301F-11D3-BF4B-00C04F79EFBC}") = "XamlGrid.ExportODF", "XamlGrid.ExportODF\XamlGrid.ExportODF.csproj", "{16CDC9D1-C15D-431D-AE6E-5ED4859328FD}"
EndProject
Global
	GlobalSection(SolutionConfigurationPlatforms) = preSolution
		Debug|Any CPU = Debug|Any CPU
		Release|Any CPU = Release|Any CPU
	EndGlobalSection
	GlobalSection(ProjectConfigurationPlatforms) = postSolution
		{6D97D80E-28E7-4F1C-B1AF-7713F49AA61E}.Debug|Any CPU.ActiveCfg = Debug|Any CPU
		{6D97D80E-28E7-4F1C-B1AF-7713F49AA61E}.Debug|Any CPU.Build.0 = Debug|Any CPU
		{6D97D80E-28E7-4F1C-B1AF-7713F49AA61E}.Release|Any CPU.ActiveCfg = Release|Any CPU
		{6D97D80E-28E7-4F1C-B1AF-7713F49AA61E}.Release|Any CPU.Build.0 = Release|Any CPU
		{8FAE592B-0C89-4FAF-B1CB-8FA3A9310F6E}.Debug|Any CPU.ActiveCfg = Debug|Any CPU
		{8FAE592B-0C89-4FAF-B1CB-8FA3A9310F6E}.Debug|Any CPU.Build.0 = Debug|Any CPU
		{8FAE592B-0C89-4FAF-B1CB-8FA3A9310F6E}.Release|Any CPU.ActiveCfg = Release|Any CPU
		{8FAE592B-0C89-4FAF-B1CB-8FA3A9310F6E}.Release|Any CPU.Build.0 = Release|Any CPU
		{C1183088-7A54-45C8-8FFE-C9EBD11FD2A8}.Debug|Any CPU.ActiveCfg = Debug|Any CPU
		{C1183088-7A54-45C8-8FFE-C9EBD11FD2A8}.Debug|Any CPU.Build.0 = Debug|Any CPU
		{C1183088-7A54-45C8-8FFE-C9EBD11FD2A8}.Release|Any CPU.ActiveCfg = Release|Any CPU
		{C1183088-7A54-45C8-8FFE-C9EBD11FD2A8}.Release|Any CPU.Build.0 = Release|Any CPU
		{16CDC9D1-C15D-431D-AE6E-5ED4859328FD}.Debug|Any CPU.ActiveCfg = Debug|Any CPU
		{16CDC9D1-C15D-431D-AE6E-5ED4859328FD}.Debug|Any CPU.Build.0 = Debug|Any CPU
		{16CDC9D1-C15D-431D-AE6E-5ED4859328FD}.Release|Any CPU.ActiveCfg = Release|Any CPU
		{16CDC9D1-C15D-431D-AE6E-5ED4859328FD}.Release|Any CPU.Build.0 = Release|Any CPU
	EndGlobalSection
	GlobalSection(SolutionProperties) = preSolution
		HideSolutionNode = FALSE
	EndGlobalSection
EndGlobal
